
Microsoft Visual Studio Solution File, Format Version 12.00
# Visual Studio Version 17
VisualStudioVersion = 17.9.34701.34
MinimumVisualStudioVersion = 10.0.40219.1
Project("{8BC9CEB8-8B4A-11D0-8D11-00A0C91BC942}") = "IntroductionToOOP", "IntroductionToOOP\IntroductionToOOP.vcxproj", "{F63FB0AC-2D65-4F52-A7B4-57D664216832}"
EndProject
Project("{8BC9CEB8-8B4A-11D0-8D11-00A0C91BC942}") = "Fraction", "Fraction\Fraction.vcxproj", "{ECDB5BED-0C3A-43D0-9A52-F4EB6B35956F}"
EndProject
Global
	GlobalSection(SolutionConfigurationPlatforms) = preSolution
		Debug|x64 = Debug|x64
		Debug|x86 = Debug|x86
		Release|x64 = Release|x64
		Release|x86 = Release|x86
	EndGlobalSection
	GlobalSection(ProjectConfigurationPlatforms) = postSolution
		{F63FB0AC-2D65-4F52-A7B4-57D664216832}.Debug|x64.ActiveCfg = Debug|x64
		{F63FB0AC-2D65-4F52-A7B4-57D664216832}.Debug|x64.Build.0 = Debug|x64
		{F63FB0AC-2D65-4F52-A7B4-57D664216832}.Debug|x86.ActiveCfg = Debug|Win32
		{F63FB0AC-2D65-4F52-A7B4-57D664216832}.Debug|x86.Build.0 = Debug|Win32
		{F63FB0AC-2D65-4F52-A7B4-57D664216832}.Release|x64.ActiveCfg = Release|x64
		{F63FB0AC-2D65-4F52-A7B4-57D664216832}.Release|x64.Build.0 = Release|x64
		{F63FB0AC-2D65-4F52-A7B4-57D664216832}.Release|x86.ActiveCfg = Release|Win32
		{F63FB0AC-2D65-4F52-A7B4-57D664216832}.Release|x86.Build.0 = Release|Win32
		{ECDB5BED-0C3A-43D0-9A52-F4EB6B35956F}.Debug|x64.ActiveCfg = Debug|x64
		{ECDB5BED-0C3A-43D0-9A52-F4EB6B35956F}.Debug|x64.Build.0 = Debug|x64
		{ECDB5BED-0C3A-43D0-9A52-F4EB6B35956F}.Debug|x86.ActiveCfg = Debug|Win32
		{ECDB5BED-0C3A-43D0-9A52-F4EB6B35956F}.Debug|x86.Build.0 = Debug|Win32
		{ECDB5BED-0C3A-43D0-9A52-F4EB6B35956F}.Release|x64.ActiveCfg = Release|x64
		{ECDB5BED-0C3A-43D0-9A52-F4EB6B35956F}.Release|x64.Build.0 = Release|x64
		{ECDB5BED-0C3A-43D0-9A52-F4EB6B35956F}.Release|x86.ActiveCfg = Release|Win32
		{ECDB5BED-0C3A-43D0-9A52-F4EB6B35956F}.Release|x86.Build.0 = Release|Win32
	EndGlobalSection
	GlobalSection(SolutionProperties) = preSolution
		HideSolutionNode = FALSE
	EndGlobalSection
	GlobalSection(ExtensibilityGlobals) = postSolution
		SolutionGuid = {64522B9F-D013-400F-8480-843342E13137}
	EndGlobalSection
EndGlobal
